
Microsoft Visual Studio Solution File, Format Version 12.00
# Visual Studio Version 16
VisualStudioVersion = 16.0.31729.503
MinimumVisualStudioVersion = 10.0.40219.1
Project("{FAE04EC0-301F-11D3-BF4B-00C04F79EFBC}") = "PostGrad", "PostGrad\PostGrad.csproj", "{8562FDB6-87F3-4478-8F09-BB2F673A3661}"
EndProject
Global
	GlobalSection(SolutionConfigurationPlatforms) = preSolution
		Debug|Any CPU = Debug|Any CPU
		Release|Any CPU = Release|Any CPU
	EndGlobalSection
	GlobalSection(ProjectConfigurationPlatforms) = postSolution
		{8562FDB6-87F3-4478-8F09-BB2F673A3661}.Debug|Any CPU.ActiveCfg = Debug|Any CPU
		{8562FDB6-87F3-4478-8F09-BB2F673A3661}.Debug|Any CPU.Build.0 = Debug|Any CPU
		{8562FDB6-87F3-4478-8F09-BB2F673A3661}.Release|Any CPU.ActiveCfg = Release|Any CPU
		{8562FDB6-87F3-4478-8F09-BB2F673A3661}.Release|Any CPU.Build.0 = Release|Any CPU
	EndGlobalSection
	GlobalSection(SolutionProperties) = preSolution
		HideSolutionNode = FALSE
	EndGlobalSection
	GlobalSection(ExtensibilityGlobals) = postSolution
		SolutionGuid = {3A0BC38A-BB09-4B72-93B9-939B5AE2A270}
	EndGlobalSection
EndGlobal
